
Microsoft Visual Studio Solution File, Format Version 12.00
Project("{FAE04EC0-301F-11D3-BF4B-00C04F79EFBC}") = "Lab-05-Roman-Qquelcca", "Lab-05-Roman-Qquelcca\Lab-05-Roman-Qquelcca.csproj", "{D24B4B6B-6D51-42E2-915E-81DEA513CD66}"
EndProject
Global
	GlobalSection(SolutionConfigurationPlatforms) = preSolution
		Debug|Any CPU = Debug|Any CPU
		Release|Any CPU = Release|Any CPU
	EndGlobalSection
	GlobalSection(ProjectConfigurationPlatforms) = postSolution
		{D24B4B6B-6D51-42E2-915E-81DEA513CD66}.Debug|Any CPU.ActiveCfg = Debug|Any CPU
		{D24B4B6B-6D51-42E2-915E-81DEA513CD66}.Debug|Any CPU.Build.0 = Debug|Any CPU
		{D24B4B6B-6D51-42E2-915E-81DEA513CD66}.Release|Any CPU.ActiveCfg = Release|Any CPU
		{D24B4B6B-6D51-42E2-915E-81DEA513CD66}.Release|Any CPU.Build.0 = Release|Any CPU
	EndGlobalSection
EndGlobal
